
Microsoft Visual Studio Solution File, Format Version 12.00
# Visual Studio Version 17
VisualStudioVersion = 17.1.32421.90
MinimumVisualStudioVersion = 10.0.40219.1
Project("{FAE04EC0-301F-11D3-BF4B-00C04F79EFBC}") = "JeremyAnsel.Xwa.ExePatcher", "JeremyAnsel.Xwa.ExePatcher\JeremyAnsel.Xwa.ExePatcher.csproj", "{AE3D54B1-3855-4274-BB15-3C891A4D8578}"
EndProject
Project("{FAE04EC0-301F-11D3-BF4B-00C04F79EFBC}") = "XwaExePatcherConsole", "XwaExePatcherConsole\XwaExePatcherConsole.csproj", "{AEA842DE-0BD8-4D1E-ADB1-0DF0D92388A3}"
EndProject
Project("{FAE04EC0-301F-11D3-BF4B-00C04F79EFBC}") = "XwaExePatcherWindow", "XwaExePatcherWindow\XwaExePatcherWindow.csproj", "{BC1220DE-0300-43D5-AD19-B80C05694047}"
EndProject
Global
	GlobalSection(SolutionConfigurationPlatforms) = preSolution
		Debug|Any CPU = Debug|Any CPU
		Release|Any CPU = Release|Any CPU
	EndGlobalSection
	GlobalSection(ProjectConfigurationPlatforms) = postSolution
		{AE3D54B1-3855-4274-BB15-3C891A4D8578}.Debug|Any CPU.ActiveCfg = Debug|Any CPU
		{AE3D54B1-3855-4274-BB15-3C891A4D8578}.Debug|Any CPU.Build.0 = Debug|Any CPU
		{AE3D54B1-3855-4274-BB15-3C891A4D8578}.Release|Any CPU.ActiveCfg = Release|Any CPU
		{AE3D54B1-3855-4274-BB15-3C891A4D8578}.Release|Any CPU.Build.0 = Release|Any CPU
		{AEA842DE-0BD8-4D1E-ADB1-0DF0D92388A3}.Debug|Any CPU.ActiveCfg = Debug|Any CPU
		{AEA842DE-0BD8-4D1E-ADB1-0DF0D92388A3}.Debug|Any CPU.Build.0 = Debug|Any CPU
		{AEA842DE-0BD8-4D1E-ADB1-0DF0D92388A3}.Release|Any CPU.ActiveCfg = Release|Any CPU
		{AEA842DE-0BD8-4D1E-ADB1-0DF0D92388A3}.Release|Any CPU.Build.0 = Release|Any CPU
		{BC1220DE-0300-43D5-AD19-B80C05694047}.Debug|Any CPU.ActiveCfg = Debug|Any CPU
		{BC1220DE-0300-43D5-AD19-B80C05694047}.Debug|Any CPU.Build.0 = Debug|Any CPU
		{BC1220DE-0300-43D5-AD19-B80C05694047}.Release|Any CPU.ActiveCfg = Release|Any CPU
		{BC1220DE-0300-43D5-AD19-B80C05694047}.Release|Any CPU.Build.0 = Release|Any CPU
	EndGlobalSection
	GlobalSection(SolutionProperties) = preSolution
		HideSolutionNode = FALSE
	EndGlobalSection
	GlobalSection(ExtensibilityGlobals) = postSolution
		SolutionGuid = {F608BB82-5CA3-41E6-95D6-D9C94463ED15}
	EndGlobalSection
EndGlobal
